
Microsoft Visual Studio Solution File, Format Version 12.00
# Visual Studio Version 16
VisualStudioVersion = 16.0.30413.136
MinimumVisualStudioVersion = 10.0.40219.1
Project("{FAE04EC0-301F-11D3-BF4B-00C04F79EFBC}") = "WpfSamples", "WpfSamples\WpfSamples.csproj", "{0F7248B0-D271-4CE6-A58A-594DE78AAC9F}"
EndProject
Project("{FAE04EC0-301F-11D3-BF4B-00C04F79EFBC}") = "WpfSamples.Infrastructure", "WpfSamples.Infrastructure\WpfSamples.Infrastructure.csproj", "{FA11B1EE-FCAD-4F3A-8A00-8CF8BE28886A}"
EndProject
Project("{FAE04EC0-301F-11D3-BF4B-00C04F79EFBC}") = "WpfSamples.Models", "WpfSamples.Models\WpfSamples.Models.csproj", "{81F36D6A-E581-419E-8588-C23641C58D45}"
EndProject
Project("{FAE04EC0-301F-11D3-BF4B-00C04F79EFBC}") = "ModelSamle", "ModelSamle\ModelSamle.csproj", "{109BAEF2-9393-4831-BBBA-937429427BE3}"
EndProject
Global
	GlobalSection(SolutionConfigurationPlatforms) = preSolution
		Debug|Any CPU = Debug|Any CPU
		Release|Any CPU = Release|Any CPU
	EndGlobalSection
	GlobalSection(ProjectConfigurationPlatforms) = postSolution
		{0F7248B0-D271-4CE6-A58A-594DE78AAC9F}.Debug|Any CPU.ActiveCfg = Debug|Any CPU
		{0F7248B0-D271-4CE6-A58A-594DE78AAC9F}.Debug|Any CPU.Build.0 = Debug|Any CPU
		{0F7248B0-D271-4CE6-A58A-594DE78AAC9F}.Release|Any CPU.ActiveCfg = Release|Any CPU
		{0F7248B0-D271-4CE6-A58A-594DE78AAC9F}.Release|Any CPU.Build.0 = Release|Any CPU
		{FA11B1EE-FCAD-4F3A-8A00-8CF8BE28886A}.Debug|Any CPU.ActiveCfg = Debug|Any CPU
		{FA11B1EE-FCAD-4F3A-8A00-8CF8BE28886A}.Debug|Any CPU.Build.0 = Debug|Any CPU
		{FA11B1EE-FCAD-4F3A-8A00-8CF8BE28886A}.Release|Any CPU.ActiveCfg = Release|Any CPU
		{FA11B1EE-FCAD-4F3A-8A00-8CF8BE28886A}.Release|Any CPU.Build.0 = Release|Any CPU
		{81F36D6A-E581-419E-8588-C23641C58D45}.Debug|Any CPU.ActiveCfg = Debug|Any CPU
		{81F36D6A-E581-419E-8588-C23641C58D45}.Debug|Any CPU.Build.0 = Debug|Any CPU
		{81F36D6A-E581-419E-8588-C23641C58D45}.Release|Any CPU.ActiveCfg = Release|Any CPU
		{81F36D6A-E581-419E-8588-C23641C58D45}.Release|Any CPU.Build.0 = Release|Any CPU
		{109BAEF2-9393-4831-BBBA-937429427BE3}.Debug|Any CPU.ActiveCfg = Debug|Any CPU
		{109BAEF2-9393-4831-BBBA-937429427BE3}.Debug|Any CPU.Build.0 = Debug|Any CPU
		{109BAEF2-9393-4831-BBBA-937429427BE3}.Release|Any CPU.ActiveCfg = Release|Any CPU
		{109BAEF2-9393-4831-BBBA-937429427BE3}.Release|Any CPU.Build.0 = Release|Any CPU
	EndGlobalSection
	GlobalSection(SolutionProperties) = preSolution
		HideSolutionNode = FALSE
	EndGlobalSection
	GlobalSection(ExtensibilityGlobals) = postSolution
		SolutionGuid = {CFDE566C-7356-4FD9-B09F-74CFE3AD8302}
	EndGlobalSection
EndGlobal
